// !$*UTF8*$!
{
	archiveVersion = 1;
	classes = {
	};
	objectVersion = 77;
	objects = {

/* Begin PBXBuildFile section */
		A18EB2EA936A3899FFE0E5CA /* FileSecurityExtension.systemextension in Embed System Extensions */ = {isa = PBXBuildFile; fileRef = C4BAEF9F093663DCF24DE882 /* FileSecurityExtension.systemextension */; settings = {ATTRIBUTES = (CodeSignOnCopy, RemoveHeadersOnCopy, ); }; };
		AE77213ADF91A48B4A079AE4 /* AppDelegate.swift in Sources */ = {isa = PBXBuildFile; fileRef = ACC1AB1FE7A1797BF0B4831A /* AppDelegate.swift */; };
		B93314A352FD306DB2F49925 /* FileSecurityExtension.swift in Sources */ = {isa = PBXBuildFile; fileRef = E9A6065254B0AC1DC1089192 /* FileSecurityExtension.swift */; };
		BA991CAC743022C49A5FC82A /* main.swift in Sources */ = {isa = PBXBuildFile; fileRef = B6881A98D702FA4851417A99 /* main.swift */; };
/* End PBXBuildFile section */

/* Begin PBXContainerItemProxy section */
		A313E487FBCCE3CE1F360FA9 /* PBXContainerItemProxy */ = {
			isa = PBXContainerItemProxy;
			containerPortal = B04CAA0CB57F6D84A87434C5 /* Project object */;
			proxyType = 1;
			remoteGlobalIDString = B4E94C91DD233F7676719880;
			remoteInfo = FileSecurityExtension;
		};
/* End PBXContainerItemProxy section */

/* Begin PBXCopyFilesBuildPhase section */
		897D94B2D396B17C03F5FC9F /* Embed System Extensions */ = {
			isa = PBXCopyFilesBuildPhase;
			buildActionMask = 2147483647;
			dstPath = "$(SYSTEM_EXTENSIONS_FOLDER_PATH)";
			dstSubfolderSpec = 16;
			files = (
				A18EB2EA936A3899FFE0E5CA /* FileSecurityExtension.systemextension in Embed System Extensions */,
			);
			name = "Embed System Extensions";
			runOnlyForDeploymentPostprocessing = 0;
		};
/* End PBXCopyFilesBuildPhase section */

/* Begin PBXFileReference section */
		82D5FD7952A7C4371966437D /* AgentGatewayEnforcer.app */ = {isa = PBXFileReference; explicitFileType = wrapper.application; includeInIndex = 0; path = AgentGatewayEnforcer.app; sourceTree = BUILT_PRODUCTS_DIR; };
		94802438DBD964EF07F2778B /* Info.plist */ = {isa = PBXFileReference; lastKnownFileType = text.plist; path = Info.plist; sourceTree = "<group>"; };
		A75A99931BD1A0D1AFCF9F8A /* AgentGatewayEnforcer.entitlements */ = {isa = PBXFileReference; lastKnownFileType = text.plist.entitlements; path = AgentGatewayEnforcer.entitlements; sourceTree = "<group>"; };
		ACC1AB1FE7A1797BF0B4831A /* AppDelegate.swift */ = {isa = PBXFileReference; lastKnownFileType = sourcecode.swift; path = AppDelegate.swift; sourceTree = "<group>"; };
		B6881A98D702FA4851417A99 /* main.swift */ = {isa = PBXFileReference; lastKnownFileType = sourcecode.swift; path = main.swift; sourceTree = "<group>"; };
		C4BAEF9F093663DCF24DE882 /* FileSecurityExtension.systemextension */ = {isa = PBXFileReference; explicitFileType = "wrapper.system-extension"; includeInIndex = 0; path = FileSecurityExtension.systemextension; sourceTree = BUILT_PRODUCTS_DIR; };
		E064C8097C79F0C985EF8D41 /* FileSecurityExtension.entitlements */ = {isa = PBXFileReference; lastKnownFileType = text.plist.entitlements; path = FileSecurityExtension.entitlements; sourceTree = "<group>"; };
		E9A6065254B0AC1DC1089192 /* FileSecurityExtension.swift */ = {isa = PBXFileReference; lastKnownFileType = sourcecode.swift; path = FileSecurityExtension.swift; sourceTree = "<group>"; };
		F92A3546952D3A89988EC277 /* Info.plist */ = {isa = PBXFileReference; lastKnownFileType = text.plist; path = Info.plist; sourceTree = "<group>"; };
/* End PBXFileReference section */

/* Begin PBXGroup section */
		2A07334C511F1C46DF3DE1E4 /* AgentGatewayEnforcer */ = {
			isa = PBXGroup;
			children = (
				A75A99931BD1A0D1AFCF9F8A /* AgentGatewayEnforcer.entitlements */,
				ACC1AB1FE7A1797BF0B4831A /* AppDelegate.swift */,
				F92A3546952D3A89988EC277 /* Info.plist */,
			);
			path = AgentGatewayEnforcer;
			sourceTree = "<group>";
		};
		62F2625C1EF763B64F251E1F /* Products */ = {
			isa = PBXGroup;
			children = (
				82D5FD7952A7C4371966437D /* AgentGatewayEnforcer.app */,
				C4BAEF9F093663DCF24DE882 /* FileSecurityExtension.systemextension */,
			);
			name = Products;
			sourceTree = "<group>";
		};
		84C20632422692C644D3A60B /* FileSecurityExtension */ = {
			isa = PBXGroup;
			children = (
				E064C8097C79F0C985EF8D41 /* FileSecurityExtension.entitlements */,
				E9A6065254B0AC1DC1089192 /* FileSecurityExtension.swift */,
				94802438DBD964EF07F2778B /* Info.plist */,
				B6881A98D702FA4851417A99 /* main.swift */,
			);
			path = FileSecurityExtension;
			sourceTree = "<group>";
		};
		D7A7D64FC6F9C324FD081739 = {
			isa = PBXGroup;
			children = (
				2A07334C511F1C46DF3DE1E4 /* AgentGatewayEnforcer */,
				84C20632422692C644D3A60B /* FileSecurityExtension */,
				62F2625C1EF763B64F251E1F /* Products */,
			);
			sourceTree = "<group>";
		};
/* End PBXGroup section */

/* Begin PBXNativeTarget section */
		30AD89D232E8E8A1731EBD2F /* AgentGatewayEnforcer */ = {
			isa = PBXNativeTarget;
			buildConfigurationList = 22681E8A3FE50943F30F1103 /* Build configuration list for PBXNativeTarget "AgentGatewayEnforcer" */;
			buildPhases = (
				74D5A9A57A33332D0F6DF13B /* Sources */,
				897D94B2D396B17C03F5FC9F /* Embed System Extensions */,
			);
			buildRules = (
			);
			dependencies = (
				EA8F6BB928C8F5A893042319 /* PBXTargetDependency */,
			);
			name = AgentGatewayEnforcer;
			packageProductDependencies = (
			);
			productName = AgentGatewayEnforcer;
			productReference = 82D5FD7952A7C4371966437D /* AgentGatewayEnforcer.app */;
			productType = "com.apple.product-type.application";
		};
		B4E94C91DD233F7676719880 /* FileSecurityExtension */ = {
			isa = PBXNativeTarget;
			buildConfigurationList = 5F71EE0084AE29E639A15C2B /* Build configuration list for PBXNativeTarget "FileSecurityExtension" */;
			buildPhases = (
				81E2BE4AE1EA61CDA293F24E /* Sources */,
			);
			buildRules = (
			);
			dependencies = (
			);
			name = FileSecurityExtension;
			packageProductDependencies = (
			);
			productName = FileSecurityExtension;
			productReference = C4BAEF9F093663DCF24DE882 /* FileSecurityExtension.systemextension */;
			productType = "com.apple.product-type.system-extension";
		};
/* End PBXNativeTarget section */

/* Begin PBXProject section */
		B04CAA0CB57F6D84A87434C5 /* Project object */ = {
			isa = PBXProject;
			attributes = {
				BuildIndependentTargetsInParallel = YES;
				LastUpgradeCheck = 1400;
				TargetAttributes = {
					30AD89D232E8E8A1731EBD2F = {
						DevelopmentTeam = "";
						ProvisioningStyle = Manual;
					};
					B4E94C91DD233F7676719880 = {
						DevelopmentTeam = "";
						ProvisioningStyle = Manual;
					};
				};
			};
			buildConfigurationList = B1F317E15CEA17C71B7A61C2 /* Build configuration list for PBXProject "AgentGatewayEnforcer" */;
			compatibilityVersion = "Xcode 14.0";
			developmentRegion = en;
			hasScannedForEncodings = 0;
			knownRegions = (
				Base,
				en,
			);
			mainGroup = D7A7D64FC6F9C324FD081739;
			minimizedProjectReferenceProxies = 1;
			preferredProjectObjectVersion = 77;
			projectDirPath = "";
			projectRoot = "";
			targets = (
				30AD89D232E8E8A1731EBD2F /* AgentGatewayEnforcer */,
				B4E94C91DD233F7676719880 /* FileSecurityExtension */,
			);
		};
/* End PBXProject section */

/* Begin PBXSourcesBuildPhase section */
		74D5A9A57A33332D0F6DF13B /* Sources */ = {
			isa = PBXSourcesBuildPhase;
			buildActionMask = 2147483647;
			files = (
				AE77213ADF91A48B4A079AE4 /* AppDelegate.swift in Sources */,
			);
			runOnlyForDeploymentPostprocessing = 0;
		};
		81E2BE4AE1EA61CDA293F24E /* Sources */ = {
			isa = PBXSourcesBuildPhase;
			buildActionMask = 2147483647;
			files = (
				B93314A352FD306DB2F49925 /* FileSecurityExtension.swift in Sources */,
				BA991CAC743022C49A5FC82A /* main.swift in Sources */,
			);
			runOnlyForDeploymentPostprocessing = 0;
		};
/* End PBXSourcesBuildPhase section */

/* Begin PBXTargetDependency section */
		EA8F6BB928C8F5A893042319 /* PBXTargetDependency */ = {
			isa = PBXTargetDependency;
			target = B4E94C91DD233F7676719880 /* FileSecurityExtension */;
			targetProxy = A313E487FBCCE3CE1F360FA9 /* PBXContainerItemProxy */;
		};
/* End PBXTargetDependency section */

/* Begin XCBuildConfiguration section */
		0903E1BB1AEDCAD4EA87036D /* Release */ = {
			isa = XCBuildConfiguration;
			buildSettings = {
				CODE_SIGN_ENTITLEMENTS = FileSecurityExtension/FileSecurityExtension.entitlements;
				COMBINE_HIDPI_IMAGES = YES;
				INFOPLIST_FILE = FileSecurityExtension/Info.plist;
				LD_RUNPATH_SEARCH_PATHS = (
					"$(inherited)",
					"@executable_path/../Frameworks",
				);
				PRODUCT_BUNDLE_IDENTIFIER = "com.agent-gateway-enforcer.filesecurity";
				PRODUCT_NAME = FileSecurityExtension;
				SDKROOT = macosx;
				SKIP_INSTALL = YES;
				SWIFT_VERSION = 5.0;
				SYSTEM_EXTENSION = YES;
			};
			name = Release;
		};
		45AFAA93EDC61A212434A9B4 /* Debug */ = {
			isa = XCBuildConfiguration;
			buildSettings = {
				ALWAYS_EMBED_SWIFT_STANDARD_LIBRARIES = YES;
				ASSETCATALOG_COMPILER_APPICON_NAME = AppIcon;
				CODE_SIGN_ENTITLEMENTS = AgentGatewayEnforcer/AgentGatewayEnforcer.entitlements;
				COMBINE_HIDPI_IMAGES = YES;
				COPY_PHASE_STRIP = NO;
				INFOPLIST_FILE = AgentGatewayEnforcer/Info.plist;
				LD_RUNPATH_SEARCH_PATHS = "@executable_path/../Frameworks";
				PRODUCT_BUNDLE_IDENTIFIER = "com.agent-gateway-enforcer";
				PRODUCT_NAME = "Agent Gateway Enforcer";
				SDKROOT = macosx;
				SWIFT_VERSION = 5.0;
			};
			name = Debug;
		};
		4D18D16B34F203339B9D7F14 /* Release */ = {
			isa = XCBuildConfiguration;
			buildSettings = {
				ALWAYS_EMBED_SWIFT_STANDARD_LIBRARIES = YES;
				ASSETCATALOG_COMPILER_APPICON_NAME = AppIcon;
				CODE_SIGN_ENTITLEMENTS = AgentGatewayEnforcer/AgentGatewayEnforcer.entitlements;
				COMBINE_HIDPI_IMAGES = YES;
				COPY_PHASE_STRIP = NO;
				INFOPLIST_FILE = AgentGatewayEnforcer/Info.plist;
				LD_RUNPATH_SEARCH_PATHS = "@executable_path/../Frameworks";
				PRODUCT_BUNDLE_IDENTIFIER = "com.agent-gateway-enforcer";
				PRODUCT_NAME = "Agent Gateway Enforcer";
				SDKROOT = macosx;
				SWIFT_VERSION = 5.0;
			};
			name = Release;
		};
		692F022716AE58E9835E1D3C /* Debug */ = {
			isa = XCBuildConfiguration;
			buildSettings = {
				ALWAYS_SEARCH_USER_PATHS = NO;
				CLANG_ANALYZER_NONNULL = YES;
				CLANG_ANALYZER_NUMBER_OBJECT_CONVERSION = YES_AGGRESSIVE;
				CLANG_CXX_LANGUAGE_STANDARD = "gnu++14";
				CLANG_CXX_LIBRARY = "libc++";
				CLANG_ENABLE_MODULES = YES;
				CLANG_ENABLE_OBJC_ARC = YES;
				CLANG_ENABLE_OBJC_WEAK = YES;
				CLANG_WARN_BLOCK_CAPTURE_AUTORELEASING = YES;
				CLANG_WARN_BOOL_CONVERSION = YES;
				CLANG_WARN_COMMA = YES;
				CLANG_WARN_CONSTANT_CONVERSION = YES;
				CLANG_WARN_DEPRECATED_OBJC_IMPLEMENTATIONS = YES;
				CLANG_WARN_DIRECT_OBJC_ISA_USAGE = YES_ERROR;
				CLANG_WARN_DOCUMENTATION_COMMENTS = YES;
				CLANG_WARN_EMPTY_BODY = YES;
				CLANG_WARN_ENUM_CONVERSION = YES;
				CLANG_WARN_INFINITE_RECURSION = YES;
				CLANG_WARN_INT_CONVERSION = YES;
				CLANG_WARN_NON_LITERAL_NULL_CONVERSION = YES;
				CLANG_WARN_OBJC_IMPLICIT_RETAIN_SELF = YES;
				CLANG_WARN_OBJC_LITERAL_CONVERSION = YES;
				CLANG_WARN_OBJC_ROOT_CLASS = YES_ERROR;
				CLANG_WARN_QUOTED_INCLUDE_IN_FRAMEWORK_HEADER = YES;
				CLANG_WARN_RANGE_LOOP_ANALYSIS = YES;
				CLANG_WARN_STRICT_PROTOTYPES = YES;
				CLANG_WARN_SUSPICIOUS_MOVE = YES;
				CLANG_WARN_UNGUARDED_AVAILABILITY = YES_AGGRESSIVE;
				CLANG_WARN_UNREACHABLE_CODE = YES;
				CLANG_WARN__DUPLICATE_METHOD_MATCH = YES;
				CODE_SIGN_IDENTITY = "-";
				CODE_SIGN_STYLE = Manual;
				COPY_PHASE_STRIP = NO;
				DEBUG_INFORMATION_FORMAT = dwarf;
				DEVELOPMENT_TEAM = "";
				ENABLE_STRICT_OBJC_MSGSEND = YES;
				ENABLE_TESTABILITY = YES;
				GCC_C_LANGUAGE_STANDARD = gnu11;
				GCC_DYNAMIC_NO_PIC = NO;
				GCC_NO_COMMON_BLOCKS = YES;
				GCC_OPTIMIZATION_LEVEL = 0;
				GCC_PREPROCESSOR_DEFINITIONS = (
					"$(inherited)",
					"DEBUG=1",
				);
				GCC_WARN_64_TO_32_BIT_CONVERSION = YES;
				GCC_WARN_ABOUT_RETURN_TYPE = YES_ERROR;
				GCC_WARN_UNDECLARED_SELECTOR = YES;
				GCC_WARN_UNINITIALIZED_AUTOS = YES_AGGRESSIVE;
				GCC_WARN_UNUSED_FUNCTION = YES;
				GCC_WARN_UNUSED_VARIABLE = YES;
				MACOSX_DEPLOYMENT_TARGET = 11.0;
				MTL_ENABLE_DEBUG_INFO = INCLUDE_SOURCE;
				MTL_FAST_MATH = YES;
				ONLY_ACTIVE_ARCH = YES;
				PRODUCT_NAME = "$(TARGET_NAME)";
				SDKROOT = macosx;
				SWIFT_ACTIVE_COMPILATION_CONDITIONS = DEBUG;
				SWIFT_OPTIMIZATION_LEVEL = "-Onone";
				SWIFT_VERSION = 5.0;
			};
			name = Debug;
		};
		8EA85F38FBD0D31A507206AE /* Debug */ = {
			isa = XCBuildConfiguration;
			buildSettings = {
				CODE_SIGN_ENTITLEMENTS = FileSecurityExtension/FileSecurityExtension.entitlements;
				COMBINE_HIDPI_IMAGES = YES;
				INFOPLIST_FILE = FileSecurityExtension/Info.plist;
				LD_RUNPATH_SEARCH_PATHS = (
					"$(inherited)",
					"@executable_path/../Frameworks",
				);
				PRODUCT_BUNDLE_IDENTIFIER = "com.agent-gateway-enforcer.filesecurity";
				PRODUCT_NAME = FileSecurityExtension;
				SDKROOT = macosx;
				SKIP_INSTALL = YES;
				SWIFT_VERSION = 5.0;
				SYSTEM_EXTENSION = YES;
			};
			name = Debug;
		};
		FBC90DE7A00C3F66963B6CD5 /* Release */ = {
			isa = XCBuildConfiguration;
			buildSettings = {
				ALWAYS_SEARCH_USER_PATHS = NO;
				CLANG_ANALYZER_NONNULL = YES;
				CLANG_ANALYZER_NUMBER_OBJECT_CONVERSION = YES_AGGRESSIVE;
				CLANG_CXX_LANGUAGE_STANDARD = "gnu++14";
				CLANG_CXX_LIBRARY = "libc++";
				CLANG_ENABLE_MODULES = YES;
				CLANG_ENABLE_OBJC_ARC = YES;
				CLANG_ENABLE_OBJC_WEAK = YES;
				CLANG_WARN_BLOCK_CAPTURE_AUTORELEASING = YES;
				CLANG_WARN_BOOL_CONVERSION = YES;
				CLANG_WARN_COMMA = YES;
				CLANG_WARN_CONSTANT_CONVERSION = YES;
				CLANG_WARN_DEPRECATED_OBJC_IMPLEMENTATIONS = YES;
				CLANG_WARN_DIRECT_OBJC_ISA_USAGE = YES_ERROR;
				CLANG_WARN_DOCUMENTATION_COMMENTS = YES;
				CLANG_WARN_EMPTY_BODY = YES;
				CLANG_WARN_ENUM_CONVERSION = YES;
				CLANG_WARN_INFINITE_RECURSION = YES;
				CLANG_WARN_INT_CONVERSION = YES;
				CLANG_WARN_NON_LITERAL_NULL_CONVERSION = YES;
				CLANG_WARN_OBJC_IMPLICIT_RETAIN_SELF = YES;
				CLANG_WARN_OBJC_LITERAL_CONVERSION = YES;
				CLANG_WARN_OBJC_ROOT_CLASS = YES_ERROR;
				CLANG_WARN_QUOTED_INCLUDE_IN_FRAMEWORK_HEADER = YES;
				CLANG_WARN_RANGE_LOOP_ANALYSIS = YES;
				CLANG_WARN_STRICT_PROTOTYPES = YES;
				CLANG_WARN_SUSPICIOUS_MOVE = YES;
				CLANG_WARN_UNGUARDED_AVAILABILITY = YES_AGGRESSIVE;
				CLANG_WARN_UNREACHABLE_CODE = YES;
				CLANG_WARN__DUPLICATE_METHOD_MATCH = YES;
				CODE_SIGN_IDENTITY = "-";
				CODE_SIGN_STYLE = Manual;
				COPY_PHASE_STRIP = NO;
				DEBUG_INFORMATION_FORMAT = "dwarf-with-dsym";
				DEVELOPMENT_TEAM = "";
				ENABLE_NS_ASSERTIONS = NO;
				ENABLE_STRICT_OBJC_MSGSEND = YES;
				GCC_C_LANGUAGE_STANDARD = gnu11;
				GCC_NO_COMMON_BLOCKS = YES;
				GCC_WARN_64_TO_32_BIT_CONVERSION = YES;
				GCC_WARN_ABOUT_RETURN_TYPE = YES_ERROR;
				GCC_WARN_UNDECLARED_SELECTOR = YES;
				GCC_WARN_UNINITIALIZED_AUTOS = YES_AGGRESSIVE;
				GCC_WARN_UNUSED_FUNCTION = YES;
				GCC_WARN_UNUSED_VARIABLE = YES;
				MACOSX_DEPLOYMENT_TARGET = 11.0;
				MTL_ENABLE_DEBUG_INFO = NO;
				MTL_FAST_MATH = YES;
				PRODUCT_NAME = "$(TARGET_NAME)";
				SDKROOT = macosx;
				SWIFT_COMPILATION_MODE = wholemodule;
				SWIFT_OPTIMIZATION_LEVEL = "-O";
				SWIFT_VERSION = 5.0;
			};
			name = Release;
		};
/* End XCBuildConfiguration section */

/* Begin XCConfigurationList section */
		22681E8A3FE50943F30F1103 /* Build configuration list for PBXNativeTarget "AgentGatewayEnforcer" */ = {
			isa = XCConfigurationList;
			buildConfigurations = (
				45AFAA93EDC61A212434A9B4 /* Debug */,
				4D18D16B34F203339B9D7F14 /* Release */,
			);
			defaultConfigurationIsVisible = 0;
			defaultConfigurationName = Debug;
		};
		5F71EE0084AE29E639A15C2B /* Build configuration list for PBXNativeTarget "FileSecurityExtension" */ = {
			isa = XCConfigurationList;
			buildConfigurations = (
				8EA85F38FBD0D31A507206AE /* Debug */,
				0903E1BB1AEDCAD4EA87036D /* Release */,
			);
			defaultConfigurationIsVisible = 0;
			defaultConfigurationName = Debug;
		};
		B1F317E15CEA17C71B7A61C2 /* Build configuration list for PBXProject "AgentGatewayEnforcer" */ = {
			isa = XCConfigurationList;
			buildConfigurations = (
				692F022716AE58E9835E1D3C /* Debug */,
				FBC90DE7A00C3F66963B6CD5 /* Release */,
			);
			defaultConfigurationIsVisible = 0;
			defaultConfigurationName = Debug;
		};
/* End XCConfigurationList section */
	};
	rootObject = B04CAA0CB57F6D84A87434C5 /* Project object */;
}
